# This file was autogenerated by Stack.
# You should not edit this file by hand.
# For more information, please see the documentation at:
#   https://docs.haskellstack.org/en/stable/lock_files

packages:
- completed:
    hackage: Hoed-0.5.1@sha256:15a63868da749666bafda4588753d749484b6eb26d63dc0de54146f4c6c036eb,4891
    pantry-tree:
      size: 4026
      sha256: caa52693835d378950b860a1d41c4fb02292a5da34d2f7ae337f7fd64254cbeb
  original:
    hackage: Hoed-0.5.1@sha256:15a63868da749666bafda4588753d749484b6eb26d63dc0de54146f4c6c036eb,4891
- completed:
    hackage: regex-tdfa-text-1.0.0.3@sha256:fb72123627eadf43dd5ca74a2896940d50aac291e61f62177960f0563f7d5c03,1180
    pantry-tree:
      size: 293
      sha256: 274206c4f30a2c85cc8daefcb0d221b45010a28f1c0f39295189850eecc978e4
  original:
    hackage: regex-tdfa-text-1.0.0.3@sha256:fb72123627eadf43dd5ca74a2896940d50aac291e61f62177960f0563f7d5c03,1180
snapshots:
- completed:
    size: 565715
    url: https://raw.githubusercontent.com/commercialhaskell/stackage-snapshots/master/lts/17/7.yaml
    sha256: 1b5e4124989399e60e7a7901f0cefd910beea546131fb07a13a7208c4cc8b7ee
  original: lts-17.7
